{
  "name": "cdko",
  "version": "1.0.0",
  "lockfileVersion": 3,
  "requires": true,
  "packages": {
    "": {
      "name": "cdko",
      "version": "1.0.0",
      "license": "MIT",
      "dependencies": {
        "zx": "^8.6.2"
      },
      "bin": {
        "cdko": "bin/cdko"
      },
      "engines": {
        "node": ">=18.0.0"
      }
    },
    "node_modules/zx": {
      "version": "8.6.2",
      "resolved": "https://registry.npmjs.org/zx/-/zx-8.6.2.tgz",
      "integrity": "sha512-XaDuxcYmfnGFEYFkm1d4/709FmT7mkRgzzWjrkQMb2S5gi+bt0zroZTwjN29ffxxM5PZIkxWgMzXRBZSBRvYwg==",
      "bin": {
        "zx": "build/cli.js"
      },
      "engines": {
        "node": ">= 12.17.0"
      }
    }
  }
}
